{
  "name": "pipeline",
  "version": "0.1.0",
  "lockfileVersion": 1,
  "requires": true,
  "dependencies": {
    "@aws-cdk/assets": {
      "version": "1.25.0",
      "resolved": "https://registry.npmjs.org/@aws-cdk/assets/-/assets-1.25.0.tgz",
      "integrity": "sha512-Op+lUgOEyNTBWtDM/tQfuARjaK5v3S5c71q4u5CF8h8NrDmsC8evj8WO5I7N5KtTCVPp3qF2KbWwN46VMfnb4A==",
      "requires": {
        "@aws-cdk/core": "1.25.0",
        "@aws-cdk/cx-api": "1.25.0",
        "minimatch": "^3.0.4"
      },
      "dependencies": {
        "balanced-match": {
          "version": "1.0.0",
          "bundled": true
        },
        "brace-expansion": {
          "version": "1.1.11",
          "bundled": true,
          "requires": {
            "balanced-match": "^1.0.0",
            "concat-map": "0.0.1"
          }
        },
        "concat-map": {
          "version": "0.0.1",
          "bundled": true
        },
        "minimatch": {
          "version": "3.0.4",
          "bundled": true,
          "requires": {
            "brace-expansion": "^1.1.7"
          }
        }
      }
    },
    "@aws-cdk/aws-apigateway": {
      "version": "1.25.0",
      "resolved": "https://registry.npmjs.org/@aws-cdk/aws-apigateway/-/aws-apigateway-1.25.0.tgz",
      "integrity": "sha512-0qTquUeAhWqW71MUxmEu2QOg6rdosBaOI1VflsX2bFzegkYzCPt1L6AJrDh300rkKMjXzz5VKXeQIXsL8kcmlQ==",
      "requires": {
        "@aws-cdk/aws-certificatemanager": "1.25.0",
        "@aws-cdk/aws-elasticloadbalancingv2": "1.25.0",
        "@aws-cdk/aws-iam": "1.25.0",
        "@aws-cdk/aws-lambda": "1.25.0",
        "@aws-cdk/core": "1.25.0"
      }
    },
    "@aws-cdk/aws-applicationautoscaling": {
      "version": "1.25.0",
      "resolved": "https://registry.npmjs.org/@aws-cdk/aws-applicationautoscaling/-/aws-applicationautoscaling-1.25.0.tgz",
      "integrity": "sha512-3mgqkDUrFgvouXD02FXEw7bAjiNgjUYllcriaKk/pOuW1o3kSinA7OX8BJDVVrVVrwFG+wj50d0r9KOjJMFTEg==",
      "requires": {
        "@aws-cdk/aws-autoscaling-common": "1.25.0",
        "@aws-cdk/aws-cloudwatch": "1.25.0",
        "@aws-cdk/aws-iam": "1.25.0",
        "@aws-cdk/core": "1.25.0"
      }
    },
    "@aws-cdk/aws-autoscaling": {
      "version": "1.25.0",
      "resolved": "https://registry.npmjs.org/@aws-cdk/aws-autoscaling/-/aws-autoscaling-1.25.0.tgz",
      "integrity": "sha512-P2a2BiELr+D4aBoiM0cNg8L26VKzSkBl94K8UCak/pDch0C9GHON+lohhXhbBp0xXaYbtDmDGFCViP9M7IIxrg==",
      "requires": {
        "@aws-cdk/aws-autoscaling-common": "1.25.0",
        "@aws-cdk/aws-cloudwatch": "1.25.0",
        "@aws-cdk/aws-ec2": "1.25.0",
        "@aws-cdk/aws-elasticloadbalancing": "1.25.0",
        "@aws-cdk/aws-elasticloadbalancingv2": "1.25.0",
        "@aws-cdk/aws-iam": "1.25.0",
        "@aws-cdk/aws-sns": "1.25.0",
        "@aws-cdk/core": "1.25.0"
      }
    },
    "@aws-cdk/aws-autoscaling-common": {
      "version": "1.25.0",
      "resolved": "https://registry.npmjs.org/@aws-cdk/aws-autoscaling-common/-/aws-autoscaling-common-1.25.0.tgz",
      "integrity": "sha512-Wii+5gzjCU/nF1Be3K67HzB5K83+jLI1ZVOuoq+gvMR7RVKXKhd/Nw9Pjc957Bf3YoKhXGH+HaGqQicBnKfMtg==",
      "requires": {
        "@aws-cdk/aws-iam": "1.25.0",
        "@aws-cdk/core": "1.25.0"
      }
    },
    "@aws-cdk/aws-autoscaling-hooktargets": {
      "version": "1.25.0",
      "resolved": "https://registry.npmjs.org/@aws-cdk/aws-autoscaling-hooktargets/-/aws-autoscaling-hooktargets-1.25.0.tgz",
      "integrity": "sha512-6LBBmdwnOyq086xGaRup4zNVVrKqpgJ000Vt3dBHV/V9/sQRkzt8hUXuPUWKW3KgY98xnbBCcumHcxuvFW6Gew==",
      "requires": {
        "@aws-cdk/aws-autoscaling": "1.25.0",
        "@aws-cdk/aws-iam": "1.25.0",
        "@aws-cdk/aws-lambda": "1.25.0",
        "@aws-cdk/aws-sns": "1.25.0",
        "@aws-cdk/aws-sns-subscriptions": "1.25.0",
        "@aws-cdk/aws-sqs": "1.25.0",
        "@aws-cdk/core": "1.25.0"
      }
    },
    "@aws-cdk/aws-certificatemanager": {
      "version": "1.25.0",
      "resolved": "https://registry.npmjs.org/@aws-cdk/aws-certificatemanager/-/aws-certificatemanager-1.25.0.tgz",
      "integrity": "sha512-A86JoqC00Of0zqGDO/oPeFdGSHmrCw3BTP2Z8sVVSt0TMq8KWdqY3lGi/r/aOkksCSpSbY2tyAbqHVC/v3qNDA==",
      "requires": {
        "@aws-cdk/aws-cloudformation": "1.25.0",
        "@aws-cdk/aws-iam": "1.25.0",
        "@aws-cdk/aws-lambda": "1.25.0",
        "@aws-cdk/aws-route53": "1.25.0",
        "@aws-cdk/core": "1.25.0"
      }
    },
    "@aws-cdk/aws-cloudformation": {
      "version": "1.25.0",
      "resolved": "https://registry.npmjs.org/@aws-cdk/aws-cloudformation/-/aws-cloudformation-1.25.0.tgz",
      "integrity": "sha512-+mZnBLLMpqFc+5Wk9oSzORUFBIBSpRruoAZwAMj1YqGXDOiKh8eyAiIxxiB7ZQowQhZnWpMYo1G9ARzhndqNXQ==",
      "requires": {
        "@aws-cdk/aws-iam": "1.25.0",
        "@aws-cdk/aws-lambda": "1.25.0",
        "@aws-cdk/aws-s3": "1.25.0",
        "@aws-cdk/aws-sns": "1.25.0",
        "@aws-cdk/core": "1.25.0",
        "@aws-cdk/cx-api": "1.25.0"
      }
    },
    "@aws-cdk/aws-cloudfront": {
      "version": "1.25.0",
      "resolved": "https://registry.npmjs.org/@aws-cdk/aws-cloudfront/-/aws-cloudfront-1.25.0.tgz",
      "integrity": "sha512-eRoCkTMLRgNj8cXRKWnxTWRtBW6B/7QXCJ79obRPkqkIdD96nnAVYazdJjoeLFdxO8AXylKI2u64JfPqQ+LW9g==",
      "requires": {
        "@aws-cdk/aws-certificatemanager": "1.25.0",
        "@aws-cdk/aws-iam": "1.25.0",
        "@aws-cdk/aws-kms": "1.25.0",
        "@aws-cdk/aws-lambda": "1.25.0",
        "@aws-cdk/aws-s3": "1.25.0",
        "@aws-cdk/core": "1.25.0"
      }
    },
    "@aws-cdk/aws-cloudwatch": {
      "version": "1.25.0",
      "resolved": "https://registry.npmjs.org/@aws-cdk/aws-cloudwatch/-/aws-cloudwatch-1.25.0.tgz",
      "integrity": "sha512-IMHMCpJA13aebBX9/XcAqJt4bOw2afyaWA4gKFCRiqF/EF8UzDrJvNxiftctFsDjtY6kbkq7rwT7nx8ixGko9g==",
      "requires": {
        "@aws-cdk/aws-iam": "1.25.0",
        "@aws-cdk/core": "1.25.0"
      }
    },
    "@aws-cdk/aws-codebuild": {
      "version": "1.25.0",
      "resolved": "https://registry.npmjs.org/@aws-cdk/aws-codebuild/-/aws-codebuild-1.25.0.tgz",
      "integrity": "sha512-OojEEcK+SNvrQPYzVwDqQo0skD3XlFkcSsVMidIETFQZXfSbQNkQR4NDkzDjd2a/j2/obt3MB678WcUtOX6Kbw==",
      "requires": {
        "@aws-cdk/assets": "1.25.0",
        "@aws-cdk/aws-cloudwatch": "1.25.0",
        "@aws-cdk/aws-codecommit": "1.25.0",
        "@aws-cdk/aws-ec2": "1.25.0",
        "@aws-cdk/aws-ecr": "1.25.0",
        "@aws-cdk/aws-ecr-assets": "1.25.0",
        "@aws-cdk/aws-events": "1.25.0",
        "@aws-cdk/aws-iam": "1.25.0",
        "@aws-cdk/aws-kms": "1.25.0",
        "@aws-cdk/aws-s3": "1.25.0",
        "@aws-cdk/aws-s3-assets": "1.25.0",
        "@aws-cdk/aws-secretsmanager": "1.25.0",
        "@aws-cdk/core": "1.25.0"
      }
    },
    "@aws-cdk/aws-codecommit": {
      "version": "1.25.0",
      "resolved": "https://registry.npmjs.org/@aws-cdk/aws-codecommit/-/aws-codecommit-1.25.0.tgz",
      "integrity": "sha512-HMyYaoAA5DPQXeZCCX98v5hRPoX7xIKdUjCts/oEFC5tfs4mBok5wFA7v4l+5Qlurz4r9KtfUpbFOYDPturLag==",
      "requires": {
        "@aws-cdk/aws-events": "1.25.0",
        "@aws-cdk/aws-iam": "1.25.0",
        "@aws-cdk/core": "1.25.0"
      }
    },
    "@aws-cdk/aws-codedeploy": {
      "version": "1.25.0",
      "resolved": "https://registry.npmjs.org/@aws-cdk/aws-codedeploy/-/aws-codedeploy-1.25.0.tgz",
      "integrity": "sha512-9CIWtu8RwFxjFbwbfjHXDA7/Veysa64b8bxjdaj1pc9sTEAwPHI0T9aBu+g7XNw5zTJ8bv6oH4xz509H0tx5bQ==",
      "requires": {
        "@aws-cdk/aws-autoscaling": "1.25.0",
        "@aws-cdk/aws-cloudwatch": "1.25.0",
        "@aws-cdk/aws-ec2": "1.25.0",
        "@aws-cdk/aws-elasticloadbalancing": "1.25.0",
        "@aws-cdk/aws-elasticloadbalancingv2": "1.25.0",
        "@aws-cdk/aws-iam": "1.25.0",
        "@aws-cdk/aws-lambda": "1.25.0",
        "@aws-cdk/aws-s3": "1.25.0",
        "@aws-cdk/core": "1.25.0"
      }
    },
    "@aws-cdk/aws-codepipeline": {
      "version": "1.25.0",
      "resolved": "https://registry.npmjs.org/@aws-cdk/aws-codepipeline/-/aws-codepipeline-1.25.0.tgz",
      "integrity": "sha512-+d6OlbCp8yur1+sZiBUvNAgdb4dKR6iaWdwmNEjE7EMINx99hLba40CkAoLrbqbQO7ePPkvGbLs0dbr+cTMfow==",
      "requires": {
        "@aws-cdk/aws-events": "1.25.0",
        "@aws-cdk/aws-iam": "1.25.0",
        "@aws-cdk/aws-kms": "1.25.0",
        "@aws-cdk/aws-s3": "1.25.0",
        "@aws-cdk/core": "1.25.0"
      }
    },
    "@aws-cdk/aws-codepipeline-actions": {
      "version": "1.25.0",
      "resolved": "https://registry.npmjs.org/@aws-cdk/aws-codepipeline-actions/-/aws-codepipeline-actions-1.25.0.tgz",
      "integrity": "sha512-uLGEevBVtmT3R+LX532laPpPzPzKjqSL7JEZyAKLpq0l57rLyGNcAClbT8zSqmp97qu6yJibEw6J8upQ9NwBxg==",
      "requires": {
        "@aws-cdk/aws-cloudformation": "1.25.0",
        "@aws-cdk/aws-codebuild": "1.25.0",
        "@aws-cdk/aws-codecommit": "1.25.0",
        "@aws-cdk/aws-codedeploy": "1.25.0",
        "@aws-cdk/aws-codepipeline": "1.25.0",
        "@aws-cdk/aws-ec2": "1.25.0",
        "@aws-cdk/aws-ecr": "1.25.0",
        "@aws-cdk/aws-ecs": "1.25.0",
        "@aws-cdk/aws-events": "1.25.0",
        "@aws-cdk/aws-events-targets": "1.25.0",
        "@aws-cdk/aws-iam": "1.25.0",
        "@aws-cdk/aws-lambda": "1.25.0",
        "@aws-cdk/aws-s3": "1.25.0",
        "@aws-cdk/aws-sns": "1.25.0",
        "@aws-cdk/aws-sns-subscriptions": "1.25.0",
        "@aws-cdk/core": "1.25.0",
        "case": "1.6.2"
      },
      "dependencies": {
        "case": {
          "version": "1.6.2",
          "bundled": true
        }
      }
    },
    "@aws-cdk/aws-ec2": {
      "version": "1.25.0",
      "resolved": "https://registry.npmjs.org/@aws-cdk/aws-ec2/-/aws-ec2-1.25.0.tgz",
      "integrity": "sha512-T/8VKhuIIzM+J04YVQ1Hvj2DzNPjB7tD9NnbwL1I9LXLBa9kl2Z1NVdejce02s0XOswZYeexo4bYcFmOohiprA==",
      "requires": {
        "@aws-cdk/aws-cloudwatch": "1.25.0",
        "@aws-cdk/aws-iam": "1.25.0",
        "@aws-cdk/aws-logs": "1.25.0",
        "@aws-cdk/aws-s3": "1.25.0",
        "@aws-cdk/aws-ssm": "1.25.0",
        "@aws-cdk/core": "1.25.0",
        "@aws-cdk/cx-api": "1.25.0"
      }
    },
    "@aws-cdk/aws-ecr": {
      "version": "1.25.0",
      "resolved": "https://registry.npmjs.org/@aws-cdk/aws-ecr/-/aws-ecr-1.25.0.tgz",
      "integrity": "sha512-I/ZthKKOIlRh8UhFIe6LUzAz3nUr+r016YmBEjV1bd7fohF4C+Uqm/IkEE2cBfpAAfBaD0ujTFcI1Zlx2Io6qA==",
      "requires": {
        "@aws-cdk/aws-events": "1.25.0",
        "@aws-cdk/aws-iam": "1.25.0",
        "@aws-cdk/core": "1.25.0"
      }
    },
    "@aws-cdk/aws-ecr-assets": {
      "version": "1.25.0",
      "resolved": "https://registry.npmjs.org/@aws-cdk/aws-ecr-assets/-/aws-ecr-assets-1.25.0.tgz",
      "integrity": "sha512-LHoKACGFL/78cyfCrQCGPw0AQsYC5ZTMmjOxNo+e3LuSYyqF0d9RgEV/bM4LmWn6idWlOATvhw69iJOIbr7LqA==",
      "requires": {
        "@aws-cdk/assets": "1.25.0",
        "@aws-cdk/aws-cloudformation": "1.25.0",
        "@aws-cdk/aws-ecr": "1.25.0",
        "@aws-cdk/aws-iam": "1.25.0",
        "@aws-cdk/aws-lambda": "1.25.0",
        "@aws-cdk/aws-s3": "1.25.0",
        "@aws-cdk/core": "1.25.0",
        "@aws-cdk/cx-api": "1.25.0",
        "minimatch": "^3.0.4"
      },
      "dependencies": {
        "balanced-match": {
          "version": "1.0.0",
          "bundled": true
        },
        "brace-expansion": {
          "version": "1.1.11",
          "bundled": true,
          "requires": {
            "balanced-match": "^1.0.0",
            "concat-map": "0.0.1"
          }
        },
        "concat-map": {
          "version": "0.0.1",
          "bundled": true
        },
        "minimatch": {
          "version": "3.0.4",
          "bundled": true,
          "requires": {
            "brace-expansion": "^1.1.7"
          }
        }
      }
    },
    "@aws-cdk/aws-ecs": {
      "version": "1.25.0",
      "resolved": "https://registry.npmjs.org/@aws-cdk/aws-ecs/-/aws-ecs-1.25.0.tgz",
      "integrity": "sha512-2gWgjTTvi/pBV7wslaIpI/VoLo6av0X0U7pt8/tvA2tXo2uFR8OZ6fvdekQQn/GXji23tvIWnUbJfydBIoLEIQ==",
      "requires": {
        "@aws-cdk/aws-applicationautoscaling": "1.25.0",
        "@aws-cdk/aws-autoscaling": "1.25.0",
        "@aws-cdk/aws-autoscaling-hooktargets": "1.25.0",
        "@aws-cdk/aws-certificatemanager": "1.25.0",
        "@aws-cdk/aws-cloudformation": "1.25.0",
        "@aws-cdk/aws-cloudwatch": "1.25.0",
        "@aws-cdk/aws-ec2": "1.25.0",
        "@aws-cdk/aws-ecr": "1.25.0",
        "@aws-cdk/aws-ecr-assets": "1.25.0",
        "@aws-cdk/aws-elasticloadbalancing": "1.25.0",
        "@aws-cdk/aws-elasticloadbalancingv2": "1.25.0",
        "@aws-cdk/aws-iam": "1.25.0",
        "@aws-cdk/aws-lambda": "1.25.0",
        "@aws-cdk/aws-logs": "1.25.0",
        "@aws-cdk/aws-route53": "1.25.0",
        "@aws-cdk/aws-route53-targets": "1.25.0",
        "@aws-cdk/aws-secretsmanager": "1.25.0",
        "@aws-cdk/aws-servicediscovery": "1.25.0",
        "@aws-cdk/aws-sns": "1.25.0",
        "@aws-cdk/aws-sqs": "1.25.0",
        "@aws-cdk/aws-ssm": "1.25.0",
        "@aws-cdk/core": "1.25.0",
        "@aws-cdk/cx-api": "1.25.0"
      }
    },
    "@aws-cdk/aws-elasticloadbalancing": {
      "version": "1.25.0",
      "resolved": "https://registry.npmjs.org/@aws-cdk/aws-elasticloadbalancing/-/aws-elasticloadbalancing-1.25.0.tgz",
      "integrity": "sha512-VaeGpL0OMf6pGdTEJlktCu+PY2tyfbXEtac5JEZ8XuGSWDDNgeZ5Y3Nd/wetdF18FLOdXhjsvPRxhYSyx2mPSw==",
      "requires": {
        "@aws-cdk/aws-ec2": "1.25.0",
        "@aws-cdk/core": "1.25.0"
      }
    },
    "@aws-cdk/aws-elasticloadbalancingv2": {
      "version": "1.25.0",
      "resolved": "https://registry.npmjs.org/@aws-cdk/aws-elasticloadbalancingv2/-/aws-elasticloadbalancingv2-1.25.0.tgz",
      "integrity": "sha512-kxlmA/S66nbJDwMGIfgTLDbxMiMW4oe9uG0yWDbH2VyF7kZmflNU+xyzUDVR3zsfwra2awhptcHMwREBK7y8tg==",
      "requires": {
        "@aws-cdk/aws-certificatemanager": "1.25.0",
        "@aws-cdk/aws-cloudwatch": "1.25.0",
        "@aws-cdk/aws-ec2": "1.25.0",
        "@aws-cdk/aws-iam": "1.25.0",
        "@aws-cdk/aws-lambda": "1.25.0",
        "@aws-cdk/aws-s3": "1.25.0",
        "@aws-cdk/core": "1.25.0"
      }
    },
    "@aws-cdk/aws-events": {
      "version": "1.25.0",
      "resolved": "https://registry.npmjs.org/@aws-cdk/aws-events/-/aws-events-1.25.0.tgz",
      "integrity": "sha512-/4ZTHR+nP4qG3ibU89IUtHJTQ5wLprMWZk+QCGATRNJOnwn2rONT92BgE9qPwzsaN6akLwCuJ9hfA1LM3MnhJg==",
      "requires": {
        "@aws-cdk/aws-iam": "1.25.0",
        "@aws-cdk/core": "1.25.0"
      }
    },
    "@aws-cdk/aws-events-targets": {
      "version": "1.25.0",
      "resolved": "https://registry.npmjs.org/@aws-cdk/aws-events-targets/-/aws-events-targets-1.25.0.tgz",
      "integrity": "sha512-5Ghk9WuaQUqk8LU42w/nT9AyqfOAsE6h5vcc8qMBT2rNhvnisRWskP0+e1wEdE3EakmcJ5rB3YJIwtuOCtFXTA==",
      "requires": {
        "@aws-cdk/aws-cloudformation": "1.25.0",
        "@aws-cdk/aws-codebuild": "1.25.0",
        "@aws-cdk/aws-codepipeline": "1.25.0",
        "@aws-cdk/aws-ec2": "1.25.0",
        "@aws-cdk/aws-ecs": "1.25.0",
        "@aws-cdk/aws-events": "1.25.0",
        "@aws-cdk/aws-iam": "1.25.0",
        "@aws-cdk/aws-lambda": "1.25.0",
        "@aws-cdk/aws-sns": "1.25.0",
        "@aws-cdk/aws-sns-subscriptions": "1.25.0",
        "@aws-cdk/aws-sqs": "1.25.0",
        "@aws-cdk/aws-stepfunctions": "1.25.0",
        "@aws-cdk/core": "1.25.0"
      }
    },
    "@aws-cdk/aws-iam": {
      "version": "1.25.0",
      "resolved": "https://registry.npmjs.org/@aws-cdk/aws-iam/-/aws-iam-1.25.0.tgz",
      "integrity": "sha512-8EI4N2rgG61KDYdZGplGllmn8NnQdfujtmCDz8LuaDywNxkVR2nY+0eIdL92h8tcVReTAJoTVuISRefGnSYOew==",
      "requires": {
        "@aws-cdk/core": "1.25.0",
        "@aws-cdk/region-info": "1.25.0"
      }
    },
    "@aws-cdk/aws-kms": {
      "version": "1.25.0",
      "resolved": "https://registry.npmjs.org/@aws-cdk/aws-kms/-/aws-kms-1.25.0.tgz",
      "integrity": "sha512-x4mJBUtSKVAT6nEv6SlIW+T9VMWbxddUZwSTUaFK8LMReJ/8S360A4HwLfbuK3yrHpFd7LyJaHmc09hePIRlug==",
      "requires": {
        "@aws-cdk/aws-iam": "1.25.0",
        "@aws-cdk/core": "1.25.0"
      }
    },
    "@aws-cdk/aws-lambda": {
      "version": "1.25.0",
      "resolved": "https://registry.npmjs.org/@aws-cdk/aws-lambda/-/aws-lambda-1.25.0.tgz",
      "integrity": "sha512-6rkoX8yW6bisXpPZjVqAWyLIaFPftIU4H1xiFtByLtyYD+LTYjVJCVTne2ZWHA3ZzjckIq8CO6ZEFyewxmHAKA==",
      "requires": {
        "@aws-cdk/aws-cloudwatch": "1.25.0",
        "@aws-cdk/aws-ec2": "1.25.0",
        "@aws-cdk/aws-events": "1.25.0",
        "@aws-cdk/aws-iam": "1.25.0",
        "@aws-cdk/aws-logs": "1.25.0",
        "@aws-cdk/aws-s3": "1.25.0",
        "@aws-cdk/aws-s3-assets": "1.25.0",
        "@aws-cdk/aws-sqs": "1.25.0",
        "@aws-cdk/core": "1.25.0",
        "@aws-cdk/cx-api": "1.25.0"
      }
    },
    "@aws-cdk/aws-logs": {
      "version": "1.25.0",
      "resolved": "https://registry.npmjs.org/@aws-cdk/aws-logs/-/aws-logs-1.25.0.tgz",
      "integrity": "sha512-GzvOSMJpORGJIH2o6Wsu3EByRXu7mrSCO9QEQY24JHkxkXqN1X1Of204mN+I2+V2xW06p09g292PhTzv4WYr8g==",
      "requires": {
        "@aws-cdk/aws-cloudwatch": "1.25.0",
        "@aws-cdk/aws-iam": "1.25.0",
        "@aws-cdk/core": "1.25.0"
      }
    },
    "@aws-cdk/aws-route53": {
      "version": "1.25.0",
      "resolved": "https://registry.npmjs.org/@aws-cdk/aws-route53/-/aws-route53-1.25.0.tgz",
      "integrity": "sha512-5ELv2KfqfoweuamvrwWVhO9GIFYmOv/09fV7ZCgLPzgtxzSWKDhjC4/ZRlWD7mtJv/SPgNqd/hoV+7woxyfitA==",
      "requires": {
        "@aws-cdk/aws-ec2": "1.25.0",
        "@aws-cdk/aws-logs": "1.25.0",
        "@aws-cdk/core": "1.25.0",
        "@aws-cdk/cx-api": "1.25.0"
      }
    },
    "@aws-cdk/aws-route53-targets": {
      "version": "1.25.0",
      "resolved": "https://registry.npmjs.org/@aws-cdk/aws-route53-targets/-/aws-route53-targets-1.25.0.tgz",
      "integrity": "sha512-C9MUVrnyNTikBxGn3+MOSmJf/s6lo7lAOtF652n3OVODatRNvaH+Y5QZdif2hn8S/WKAKArKBipHWrtr9fvjwQ==",
      "requires": {
        "@aws-cdk/aws-apigateway": "1.25.0",
        "@aws-cdk/aws-cloudfront": "1.25.0",
        "@aws-cdk/aws-ec2": "1.25.0",
        "@aws-cdk/aws-elasticloadbalancing": "1.25.0",
        "@aws-cdk/aws-elasticloadbalancingv2": "1.25.0",
        "@aws-cdk/aws-iam": "1.25.0",
        "@aws-cdk/aws-route53": "1.25.0",
        "@aws-cdk/aws-s3": "1.25.0",
        "@aws-cdk/core": "1.25.0",
        "@aws-cdk/region-info": "1.25.0"
      }
    },
    "@aws-cdk/aws-s3": {
      "version": "1.25.0",
      "resolved": "https://registry.npmjs.org/@aws-cdk/aws-s3/-/aws-s3-1.25.0.tgz",
      "integrity": "sha512-pqgaIvX3O/WA347XBd+/5d/XimJQ9QB8SwktP8j1IM/gnr1VFWbER0GB+WCjE4q4zd8NP9eAX73gKGW7Sj6ZLA==",
      "requires": {
        "@aws-cdk/aws-events": "1.25.0",
        "@aws-cdk/aws-iam": "1.25.0",
        "@aws-cdk/aws-kms": "1.25.0",
        "@aws-cdk/core": "1.25.0"
      }
    },
    "@aws-cdk/aws-s3-assets": {
      "version": "1.25.0",
      "resolved": "https://registry.npmjs.org/@aws-cdk/aws-s3-assets/-/aws-s3-assets-1.25.0.tgz",
      "integrity": "sha512-tC7MfWfZNsEnYjd/waDtbfxFEWw9AAHtoWK3vZ0NCBaOseJTdqnJFrqPsfxa5vbaWdYn9eyi3VYlMnWevtxHqg==",
      "requires": {
        "@aws-cdk/assets": "1.25.0",
        "@aws-cdk/aws-iam": "1.25.0",
        "@aws-cdk/aws-s3": "1.25.0",
        "@aws-cdk/core": "1.25.0",
        "@aws-cdk/cx-api": "1.25.0"
      }
    },
    "@aws-cdk/aws-sam": {
      "version": "1.25.0",
      "resolved": "https://registry.npmjs.org/@aws-cdk/aws-sam/-/aws-sam-1.25.0.tgz",
      "integrity": "sha512-p5Jw7qR+YXFH+9N0IQgJuRLTDQEYyQHhezj2ARQaS4Wu7dRa4pRGzjREcL/kWoydrzIqc6gUi9OIsNo5VGxosA==",
      "requires": {
        "@aws-cdk/core": "1.25.0"
      }
    },
    "@aws-cdk/aws-secretsmanager": {
      "version": "1.25.0",
      "resolved": "https://registry.npmjs.org/@aws-cdk/aws-secretsmanager/-/aws-secretsmanager-1.25.0.tgz",
      "integrity": "sha512-FTqiHzU29eJn3SCoAf03ue76ftXBFCnR19Tu8IBrWgQOnEF+rVEoCqVs9O/+db/rsZfniG2PNC5a46HU95Adhw==",
      "requires": {
        "@aws-cdk/aws-ec2": "1.25.0",
        "@aws-cdk/aws-iam": "1.25.0",
        "@aws-cdk/aws-kms": "1.25.0",
        "@aws-cdk/aws-lambda": "1.25.0",
        "@aws-cdk/aws-sam": "1.25.0",
        "@aws-cdk/core": "1.25.0"
      }
    },
    "@aws-cdk/aws-servicediscovery": {
      "version": "1.25.0",
      "resolved": "https://registry.npmjs.org/@aws-cdk/aws-servicediscovery/-/aws-servicediscovery-1.25.0.tgz",
      "integrity": "sha512-YAeMiQ6ULVX0sLCIp9zEomi0eCDH08dPPjRJJ/pTv5sip73+6cmaNHSpGz1xii+vnMjYvBPVSr8dz6tZJPeBdw==",
      "requires": {
        "@aws-cdk/aws-ec2": "1.25.0",
        "@aws-cdk/aws-elasticloadbalancingv2": "1.25.0",
        "@aws-cdk/aws-route53": "1.25.0",
        "@aws-cdk/core": "1.25.0"
      }
    },
    "@aws-cdk/aws-sns": {
      "version": "1.25.0",
      "resolved": "https://registry.npmjs.org/@aws-cdk/aws-sns/-/aws-sns-1.25.0.tgz",
      "integrity": "sha512-2gC4YUVqOox3SaMBE2t3HBF1E2roJQSWQwJnPUvXT9yXKXVrWm8hOM/nAQhWH3NX9hO7eQrPq/8fJtiNLBKI9A==",
      "requires": {
        "@aws-cdk/aws-cloudwatch": "1.25.0",
        "@aws-cdk/aws-events": "1.25.0",
        "@aws-cdk/aws-iam": "1.25.0",
        "@aws-cdk/aws-kms": "1.25.0",
        "@aws-cdk/core": "1.25.0"
      }
    },
    "@aws-cdk/aws-sns-subscriptions": {
      "version": "1.25.0",
      "resolved": "https://registry.npmjs.org/@aws-cdk/aws-sns-subscriptions/-/aws-sns-subscriptions-1.25.0.tgz",
      "integrity": "sha512-gvOnbMjMtsdoMEwvqvMeP/RJz0GSu+hOC7rtbkypavKODLyZHWu8E2Nt5MF90Qz2xkWOeVVIepxh0AbTlGueJw==",
      "requires": {
        "@aws-cdk/aws-iam": "1.25.0",
        "@aws-cdk/aws-lambda": "1.25.0",
        "@aws-cdk/aws-sns": "1.25.0",
        "@aws-cdk/aws-sqs": "1.25.0",
        "@aws-cdk/core": "1.25.0"
      }
    },
    "@aws-cdk/aws-sqs": {
      "version": "1.25.0",
      "resolved": "https://registry.npmjs.org/@aws-cdk/aws-sqs/-/aws-sqs-1.25.0.tgz",
      "integrity": "sha512-W0SNkBvEloqyHJ0sypk7N4wyMm0RDA+OPr+nmvQHjWm0QTG3o57eyW7g/iaKuqAPXItoBeM6CPdhqLakIwW87g==",
      "requires": {
        "@aws-cdk/aws-cloudwatch": "1.25.0",
        "@aws-cdk/aws-iam": "1.25.0",
        "@aws-cdk/aws-kms": "1.25.0",
        "@aws-cdk/core": "1.25.0"
      }
    },
    "@aws-cdk/aws-ssm": {
      "version": "1.25.0",
      "resolved": "https://registry.npmjs.org/@aws-cdk/aws-ssm/-/aws-ssm-1.25.0.tgz",
      "integrity": "sha512-HqkAs1CeG989rhlbaP5nI4zlRqkj9gMY5zVAHhLF/ejDsULudEFrJEgMVGaw3KpWwhdybjhmxJ0Ou3qh6fjeMQ==",
      "requires": {
        "@aws-cdk/aws-iam": "1.25.0",
        "@aws-cdk/aws-kms": "1.25.0",
        "@aws-cdk/core": "1.25.0",
        "@aws-cdk/cx-api": "1.25.0"
      }
    },
    "@aws-cdk/aws-stepfunctions": {
      "version": "1.25.0",
      "resolved": "https://registry.npmjs.org/@aws-cdk/aws-stepfunctions/-/aws-stepfunctions-1.25.0.tgz",
      "integrity": "sha512-pX/3KxWiP3LjfpaxZkhPnVlaclx0Y2jq7Ec9Qlo4omaSu9NUhfMBT85Lf7OzYFtDTYIr818MdlK2qmgn/UwhNQ==",
      "requires": {
        "@aws-cdk/aws-cloudwatch": "1.25.0",
        "@aws-cdk/aws-events": "1.25.0",
        "@aws-cdk/aws-iam": "1.25.0",
        "@aws-cdk/core": "1.25.0"
      }
    },
    "@aws-cdk/core": {
      "version": "1.25.0",
      "resolved": "https://registry.npmjs.org/@aws-cdk/core/-/core-1.25.0.tgz",
      "integrity": "sha512-9N6Y9OI/2uVE1SNMB19N0mLaz2X6EzVg0uQnkesrDWd9YYJ43FmsVl79rQYvhwqqCktV2/wQ6DvY2y02RMWp6g==",
      "requires": {
        "@aws-cdk/cx-api": "1.25.0"
      }
    },
    "@aws-cdk/cx-api": {
      "version": "1.25.0",
      "resolved": "https://registry.npmjs.org/@aws-cdk/cx-api/-/cx-api-1.25.0.tgz",
      "integrity": "sha512-DAsBhBtYf6KKGANd++AS9Q10Yqhuin4QR4Y0/85yYPWMdb5G5J/fvk9R6kiBkDom0Mac4gA+tJZdphTa3YNjMw==",
      "requires": {
        "semver": "^7.1.3"
      },
      "dependencies": {
        "semver": {
          "version": "7.1.3",
          "bundled": true
        }
      }
    },
    "@aws-cdk/region-info": {
      "version": "1.25.0",
      "resolved": "https://registry.npmjs.org/@aws-cdk/region-info/-/region-info-1.25.0.tgz",
      "integrity": "sha512-A39nDwkqfYCqoBgqyyOs70yrSCLnfgkuiZlKPsj28lTZkwyKyqszBdJCXsICt/7dG/Gz7iIEmkD/pPBfqNjygA=="
    },
    "@types/node": {
      "version": "10.17.5",
      "resolved": "https://registry.npmjs.org/@types/node/-/node-10.17.5.tgz",
      "integrity": "sha512-RElZIr/7JreF1eY6oD5RF3kpmdcreuQPjg5ri4oQ5g9sq7YWU8HkfB3eH8GwAwxf5OaCh0VPi7r4N/yoTGelrA==",
      "dev": true
    },
    "arg": {
      "version": "4.1.3",
      "resolved": "https://registry.npmjs.org/arg/-/arg-4.1.3.tgz",
      "integrity": "sha512-58S9QDqG0Xx27YwPSt9fJxivjYl432YCwfDMfZ+71RAqUrZef7LrKQZ3LHLOwCS4FLNBplP533Zx895SeOCHvA==",
      "dev": true
    },
    "buffer-from": {
      "version": "1.1.1",
      "resolved": "https://registry.npmjs.org/buffer-from/-/buffer-from-1.1.1.tgz",
      "integrity": "sha512-MQcXEUbCKtEo7bhqEs6560Hyd4XaovZlO/k9V3hjVUF/zwW7KBVdSK4gIt/bzwS9MbR5qob+F5jusZsb0YQK2A=="
    },
    "diff": {
      "version": "4.0.2",
      "resolved": "https://registry.npmjs.org/diff/-/diff-4.0.2.tgz",
      "integrity": "sha512-58lmxKSA4BNyLz+HHMUzlOEpg09FV+ev6ZMe3vJihgdxzgcwZ8VoEEPmALCZG9LmqfVoNMMKpttIYTVG6uDY7A==",
      "dev": true
    },
    "make-error": {
      "version": "1.3.6",
      "resolved": "https://registry.npmjs.org/make-error/-/make-error-1.3.6.tgz",
      "integrity": "sha512-s8UhlNe7vPKomQhC1qFelMokr/Sc3AgNbso3n74mVPA5LTZwkB9NlXf4XPamLxJE8h0gh73rM94xvwRT2CVInw==",
      "dev": true
    },
    "source-map": {
      "version": "0.6.1",
      "resolved": "https://registry.npmjs.org/source-map/-/source-map-0.6.1.tgz",
      "integrity": "sha512-UjgapumWlbMhkBgzT7Ykc5YXUT46F0iKu8SGXq0bcwP5dz/h0Plj6enJqjz1Zbq2l5WaqYnrVbwWOWMyF3F47g=="
    },
    "source-map-support": {
      "version": "0.5.16",
      "resolved": "https://registry.npmjs.org/source-map-support/-/source-map-support-0.5.16.tgz",
      "integrity": "sha512-efyLRJDr68D9hBBNIPWFjhpFzURh+KJykQwvMyW5UiZzYwoF6l4YMMDIJJEyFWxWCqfyxLzz6tSfUFR+kXXsVQ==",
      "requires": {
        "buffer-from": "^1.0.0",
        "source-map": "^0.6.0"
      }
    },
    "ts-node": {
      "version": "8.6.2",
      "resolved": "https://registry.npmjs.org/ts-node/-/ts-node-8.6.2.tgz",
      "integrity": "sha512-4mZEbofxGqLL2RImpe3zMJukvEvcO1XP8bj8ozBPySdCUXEcU5cIRwR0aM3R+VoZq7iXc8N86NC0FspGRqP4gg==",
      "dev": true,
      "requires": {
        "arg": "^4.1.0",
        "diff": "^4.0.1",
        "make-error": "^1.1.1",
        "source-map-support": "^0.5.6",
        "yn": "3.1.1"
      }
    },
    "typescript": {
      "version": "3.7.5",
      "resolved": "https://registry.npmjs.org/typescript/-/typescript-3.7.5.tgz",
      "integrity": "sha512-/P5lkRXkWHNAbcJIiHPfRoKqyd7bsyCma1hZNUGfn20qm64T6ZBlrzprymeu918H+mB/0rIg2gGK/BXkhhYgBw==",
      "dev": true
    },
    "yn": {
      "version": "3.1.1",
      "resolved": "https://registry.npmjs.org/yn/-/yn-3.1.1.tgz",
      "integrity": "sha512-Ux4ygGWsu2c7isFWe8Yu1YluJmqVhxqK2cLXNQA5AcC3QfbGNpM7fu0Y8b/z16pXLnFxZYvWhd3fhBY9DLmC6Q==",
      "dev": true
    }
  }
}
